
Microsoft Visual Studio Solution File, Format Version 12.00
# Visual Studio Version 17
VisualStudioVersion = 17.12.35315.17
MinimumVisualStudioVersion = 10.0.40219.1
Project("{FAE04EC0-301F-11D3-BF4B-00C04F79EFBC}") = "RazorAnalyzer", "src\RazorAnalyzer\RazorAnalyzer.csproj", "{EF78BAC3-0BA3-401D-8285-E75B44C38481}"
EndProject
Project("{FAE04EC0-301F-11D3-BF4B-00C04F79EFBC}") = "RazorAnalyzer.Package", "src\RazorAnalyzer.Package\RazorAnalyzer.Package.csproj", "{BC065CF5-40E5-4860-9680-BDBC373D7BFE}"
EndProject
Project("{FAE04EC0-301F-11D3-BF4B-00C04F79EFBC}") = "RazorAnalyzer.Test", "src\RazorAnalyzer.Test\RazorAnalyzer.Test.csproj", "{AE1E540D-1F72-4179-8837-AD4CD76AFF50}"
EndProject
Global
	GlobalSection(SolutionConfigurationPlatforms) = preSolution
		Debug|Any CPU = Debug|Any CPU
		Release|Any CPU = Release|Any CPU
	EndGlobalSection
	GlobalSection(ProjectConfigurationPlatforms) = postSolution
		{EF78BAC3-0BA3-401D-8285-E75B44C38481}.Debug|Any CPU.ActiveCfg = Debug|Any CPU
		{EF78BAC3-0BA3-401D-8285-E75B44C38481}.Debug|Any CPU.Build.0 = Debug|Any CPU
		{EF78BAC3-0BA3-401D-8285-E75B44C38481}.Release|Any CPU.ActiveCfg = Release|Any CPU
		{EF78BAC3-0BA3-401D-8285-E75B44C38481}.Release|Any CPU.Build.0 = Release|Any CPU
		{BC065CF5-40E5-4860-9680-BDBC373D7BFE}.Debug|Any CPU.ActiveCfg = Debug|Any CPU
		{BC065CF5-40E5-4860-9680-BDBC373D7BFE}.Debug|Any CPU.Build.0 = Debug|Any CPU
		{BC065CF5-40E5-4860-9680-BDBC373D7BFE}.Release|Any CPU.ActiveCfg = Release|Any CPU
		{BC065CF5-40E5-4860-9680-BDBC373D7BFE}.Release|Any CPU.Build.0 = Release|Any CPU
		{AE1E540D-1F72-4179-8837-AD4CD76AFF50}.Debug|Any CPU.ActiveCfg = Debug|Any CPU
		{AE1E540D-1F72-4179-8837-AD4CD76AFF50}.Debug|Any CPU.Build.0 = Debug|Any CPU
		{AE1E540D-1F72-4179-8837-AD4CD76AFF50}.Release|Any CPU.ActiveCfg = Release|Any CPU
		{AE1E540D-1F72-4179-8837-AD4CD76AFF50}.Release|Any CPU.Build.0 = Release|Any CPU
	EndGlobalSection
	GlobalSection(SolutionProperties) = preSolution
		HideSolutionNode = FALSE
	EndGlobalSection
EndGlobal
